github.com/sirgallo/array v1.0.1 h1:e0dCRj02aVKp2ecwXnAR9IJRyrrdMjZjU1FvppyA4Xk=
github.com/sirgallo/array v1.0.1/go.mod h1:cUCcifD0EWyMBBpcoHM1Wp0YvW+xgEemKEPrXjt0k2k=
github.com/sirgallo/utils v0.1.8 h1:3JtNjDD2PoTV66xraivHT2CX6G6j4jZa7FsHPrf3G8o=
github.com/sirgallo/utils v0.1.8/go.mod h1:tleQ8/sC0WpcVgbQ6EehmbcC69HnYtIKIg0tObuzOH0=
